{
    "version": 3,
    "terraform_version": "0.11.11",
    "serial": 2,
    "lineage": "2ab5e5af-4ab3-5740-06c5-d0ca4db676da",
    "modules": [
        {
            "path": [
                "root"
            ],
            "outputs": {},
            "resources": {
                "ucs_lstorage_profile.test_storage_profile": {
                    "type": "ucs_lstorage_profile",
                    "depends_on": [],
                    "primary": {
                        "id": "org-root/profile-tf_profile",
                        "attributes": {
                            "assigned_to_dn": "",
                            "availability": "unavailable",
                            "child_action": "",
                            "description": "",
                            "id": "org-root/profile-tf_profile",
                            "int_id": "1240040",
                            "name": "tf_profile",
                            "org_org_dn": "org-root",
                            "policy_level": "0",
                            "policy_owner": "local",
                            "sacl": ""
                        },
                        "meta": {
                            "schema_version": "1"
                        },
                        "tainted": false
                    },
                    "deposed": [],
                    "provider": "provider.ucs"
                }
            },
            "depends_on": []
        }
    ]
}
