{
    "version": 3,
    "terraform_version": "0.11.11",
    "serial": 6,
    "lineage": "0f171aec-7f8d-e376-fd3b-498c5184d98a",
    "modules": [
        {
            "path": [
                "root"
            ],
            "outputs": {},
            "resources": {
                "ucs_disk_config_reference.test-ref": {
                    "type": "ucs_disk_config_reference",
                    "depends_on": [
                        "ucs_disk_group_config_policy.test_disk_policy"
                    ],
                    "primary": {
                        "id": "org-root/disk-group-config-test-policy/slot-1",
                        "attributes": {
                            "child_action": "",
                            "description": "",
                            "id": "org-root/disk-group-config-test-policy/slot-1",
                            "lstorage_disk_group_config_policy_dn": "org-root/disk-group-config-test-policy",
                            "name": "test-ref",
                            "role": "normal",
                            "sacl": "",
                            "slot_num": "1",
                            "span_id": "unspecified"
                        },
                        "meta": {
                            "schema_version": "1"
                        },
                        "tainted": false
                    },
                    "deposed": [],
                    "provider": "provider.ucs"
                },
                "ucs_disk_group_config_policy.test_disk_policy": {
                    "type": "ucs_disk_group_config_policy",
                    "depends_on": [],
                    "primary": {
                        "id": "org-root/disk-group-config-test-policy",
                        "attributes": {
                            "child_action": "",
                            "description": "",
                            "id": "org-root/disk-group-config-test-policy",
                            "int_id": "425233",
                            "name": "test-policy",
                            "org_org_dn": "org-root",
                            "policy_level": "0",
                            "policy_owner": "local",
                            "raid_level": "simple",
                            "sacl": ""
                        },
                        "meta": {
                            "schema_version": "1"
                        },
                        "tainted": false
                    },
                    "deposed": [],
                    "provider": "provider.ucs"
                }
            },
            "depends_on": []
        }
    ]
}
