{
    "version": 3,
    "terraform_version": "0.11.11",
    "serial": 10,
    "lineage": "0f171aec-7f8d-e376-fd3b-498c5184d98a",
    "modules": [
        {
            "path": [
                "root"
            ],
            "outputs": {},
            "resources": {
                "ucs_disk_group_config_policy.test_disk_policy": {
                    "type": "ucs_disk_group_config_policy",
                    "depends_on": [],
                    "primary": {
                        "id": "org-root/disk-group-config-test-policy",
                        "attributes": {
                            "child_action": "",
                            "description": "",
                            "id": "org-root/disk-group-config-test-policy",
                            "int_id": "658640",
                            "name": "test-policy",
                            "org_org_dn": "org-root",
                            "policy_level": "0",
                            "policy_owner": "local",
                            "raid_level": "simple",
                            "sacl": ""
                        },
                        "meta": {
                            "schema_version": "1"
                        },
                        "tainted": false
                    },
                    "deposed": [],
                    "provider": "provider.ucs"
                },
                "ucs_disk_group_qualifier.test_disk_qualifier": {
                    "type": "ucs_disk_group_qualifier",
                    "depends_on": [
                        "ucs_disk_group_config_policy.test_disk_policy"
                    ],
                    "primary": {
                        "id": "org-root/disk-group-config-test-policy/disk-group-qual",
                        "attributes": {
                            "child_action": "",
                            "description": "",
                            "drive_type": "unspecified",
                            "id": "org-root/disk-group-config-test-policy/disk-group-qual",
                            "lstorage_disk_group_config_policy_dn": "org-root/disk-group-config-test-policy",
                            "min_drive_size": "unspecified",
                            "name": "test-qualifier",
                            "num_ded_hot_spares": "unspecified",
                            "num_drives": "unspecified",
                            "num_glob_hot_spares": "unspecified",
                            "sacl": "",
                            "use_jbod_disks": "no",
                            "use_remaining_disks": "no"
                        },
                        "meta": {
                            "schema_version": "1"
                        },
                        "tainted": false
                    },
                    "deposed": [],
                    "provider": "provider.ucs"
                }
            },
            "depends_on": []
        }
    ]
}
