{
    "version": 3,
    "terraform_version": "0.11.11",
    "serial": 6,
    "lineage": "d2fa80ea-e932-8975-843f-28aae0a0d22e",
    "modules": [
        {
            "path": [
                "root"
            ],
            "outputs": {},
            "resources": {
                "ucs_vnic_fc.tf_vnic_fc": {
                    "type": "ucs_vnic_fc",
                    "depends_on": [
                        "ucs_vnic_san_policy.tf_san_policy"
                    ],
                    "primary": {
                        "id": "org-root/san-conn-pol-tf_test_san/fc-test-fc",
                        "attributes": {
                            "adaptor_profile_name": "",
                            "addr": "derived",
                            "admin_cdn_name": "",
                            "admin_host_port": "ANY",
                            "admin_vcon": "any",
                            "boot_dev": "disabled",
                            "cdn_prop_in_sync": "yes",
                            "cdn_source": "vnic-name",
                            "child_action": "",
                            "config_qualifier": "",
                            "config_state": "not-applied",
                            "description": "",
                            "equipment_dn": "",
                            "flt_aggr": "0",
                            "id": "org-root/san-conn-pol-tf_test_san/fc-test-fc",
                            "ident_pool_name": "",
                            "inst_type": "manual",
                            "is_supported": "",
                            "max_data_field_size": "2048",
                            "name": "test-fc",
                            "node_addr": "vnic-derived",
                            "nw_templ_name": "",
                            "oper_adaptor_profile_name": "org-root/fc-profile-default",
                            "oper_cdn_name": "",
                            "oper_host_port": "NONE",
                            "oper_ident_pool_name": "",
                            "oper_nw_templ_name": "",
                            "oper_order": "unspecified",
                            "oper_pin_to_group_name": "",
                            "oper_qos_policy_name": "",
                            "oper_speed": "line-rate",
                            "oper_stats_policy_name": "org-root/thr-policy-default",
                            "oper_vcon": "any",
                            "order": "unspecified",
                            "owner": "logical",
                            "pers_bind": "disabled",
                            "pers_bind_clear": "no",
                            "pin_to_group_name": "",
                            "qos_policy_name": "",
                            "redundancy_pair_type": "none",
                            "redundancy_peer": "",
                            "sacl": "",
                            "stats_policy_name": "default",
                            "switch_id": "A",
                            "type": "fc",
                            "vnic_san_conn_policy_dn": "org-root/san-conn-pol-tf_test_san"
                        },
                        "meta": {
                            "schema_version": "1"
                        },
                        "tainted": false
                    },
                    "deposed": [],
                    "provider": "provider.ucs"
                },
                "ucs_vnic_fc_if.tf_vnic_fcif": {
                    "type": "ucs_vnic_fc_if",
                    "depends_on": [
                        "ucs_vnic_fc.tf_vnic_fc"
                    ],
                    "primary": {
                        "id": "org-root/san-conn-pol-tf_test_san/fc-test-fc/if-default",
                        "attributes": {
                            "child_action": "",
                            "config_qualifier": "",
                            "description": "",
                            "id": "org-root/san-conn-pol-tf_test_san/fc-test-fc/if-default",
                            "initiator": "00:00:00:00:00:00:00:00",
                            "name": "",
                            "oper_primary_vnet_dn": "",
                            "oper_primary_vnet_name": "",
                            "oper_state": "indeterminate",
                            "oper_vnet_dn": "",
                            "oper_vnet_name": "",
                            "owner": "logical",
                            "pub_nw_id": "0",
                            "sacl": "",
                            "sharing": "primary",
                            "switch_id": "A",
                            "type": "fc",
                            "vnet": "1",
                            "vnic_fc_dn": "org-root/san-conn-pol-tf_test_san/fc-test-fc"
                        },
                        "meta": {
                            "schema_version": "1"
                        },
                        "tainted": false
                    },
                    "deposed": [],
                    "provider": "provider.ucs"
                },
                "ucs_vnic_fc_node.tf_vnic_fc_node": {
                    "type": "ucs_vnic_fc_node",
                    "depends_on": [
                        "ucs_vnic_san_policy.tf_san_policy"
                    ],
                    "primary": {
                        "id": "org-root/san-conn-pol-tf_test_san/fc-node",
                        "attributes": {
                            "addr": "pool-derived",
                            "child_action": "",
                            "description": "",
                            "flt_aggr": "0",
                            "id": "org-root/san-conn-pol-tf_test_san/fc-node",
                            "ident_pool_name": "",
                            "max_derivable_wwpn": "0",
                            "name": "test_node",
                            "oper_ident_pool_name": "",
                            "owner": "logical",
                            "sacl": "",
                            "vnic_san_conn_policy_dn": "org-root/san-conn-pol-tf_test_san"
                        },
                        "meta": {
                            "schema_version": "1"
                        },
                        "tainted": false
                    },
                    "deposed": [],
                    "provider": "provider.ucs"
                },
                "ucs_vnic_san_policy.tf_san_policy": {
                    "type": "ucs_vnic_san_policy",
                    "depends_on": [],
                    "primary": {
                        "id": "org-root/san-conn-pol-tf_test_san",
                        "attributes": {
                            "child_action": "",
                            "description": "",
                            "flt_aggr": "0",
                            "id": "org-root/san-conn-pol-tf_test_san",
                            "int_id": "832968",
                            "name": "tf_test_san",
                            "org_org_dn": "org-root",
                            "policy_level": "0",
                            "policy_owner": "local",
                            "sacl": ""
                        },
                        "meta": {
                            "schema_version": "1"
                        },
                        "tainted": false
                    },
                    "deposed": [],
                    "provider": "provider.ucs"
                }
            },
            "depends_on": []
        }
    ]
}
