{
    "version": 3,
    "terraform_version": "0.11.11",
    "serial": 6,
    "lineage": "ab08b0bd-9221-c741-0a8a-f8b05beb1afc",
    "modules": [
        {
            "path": [
                "root"
            ],
            "outputs": {},
            "resources": {
                "ucs_mac_pool_pool.test_mac_pool": {
                    "type": "ucs_mac_pool_pool",
                    "depends_on": [],
                    "primary": {
                        "id": "org-root/mac-pool-tf_test_macpool",
                        "attributes": {
                            "assigned": "",
                            "assignment_order": "default",
                            "child_action": "",
                            "description": "mac poo created with terraform",
                            "id": "org-root/mac-pool-tf_test_macpool",
                            "int_id": "417667",
                            "name": "tf_test_macpool",
                            "org_org_dn": "org-root",
                            "policy_level": "",
                            "policy_owner": "local",
                            "sacl": "",
                            "size": ""
                        },
                        "meta": {
                            "schema_version": "1"
                        },
                        "tainted": false
                    },
                    "deposed": [],
                    "provider": "provider.ucs"
                }
            },
            "depends_on": []
        }
    ]
}
