{
    "version": 3,
    "terraform_version": "0.11.11",
    "serial": 3,
    "lineage": "42f0a4c9-badd-dd89-5fee-629c61a10389",
    "modules": [
        {
            "path": [
                "root"
            ],
            "outputs": {},
            "resources": {
                "ucs_dns_provider.test_dns_provider": {
                    "type": "ucs_dns_provider",
                    "depends_on": [],
                    "primary": {
                        "id": "sys/svc-ext/dns-svc/dns-8.8.8.8",
                        "attributes": {
                            "admin_state": "enabled",
                            "child_action": "",
                            "description": "",
                            "hostname": "",
                            "id": "sys/svc-ext/dns-svc/dns-8.8.8.8",
                            "name": "8.8.8.8",
                            "sacl": ""
                        },
                        "meta": {
                            "schema_version": "1"
                        },
                        "tainted": false
                    },
                    "deposed": [],
                    "provider": "provider.ucs"
                }
            },
            "depends_on": []
        }
    ]
}
