{
    "version": 3,
    "terraform_version": "0.11.11",
    "serial": 3,
    "lineage": "f67513ca-e5b4-14ff-259e-e5b0b3a17499",
    "modules": [
        {
            "path": [
                "root"
            ],
            "outputs": {},
            "resources": {
                "ucs_uuid_pool.test_uuid_pool": {
                    "type": "ucs_uuid_pool",
                    "depends_on": [],
                    "primary": {
                        "id": "org-root/uuid-pool-tf_test_uuid",
                        "attributes": {
                            "assigned": "0",
                            "assignment_order": "default",
                            "child_action": "",
                            "description": "",
                            "id": "org-root/uuid-pool-tf_test_uuid",
                            "int_id": "1240718",
                            "name": "tf_test_uuid",
                            "org_org_dn": "org-root",
                            "policy_level": "0",
                            "policy_owner": "local",
                            "prefix": "486865B0-4946-11E9",
                            "sacl": "",
                            "size": "0"
                        },
                        "meta": {
                            "schema_version": "1"
                        },
                        "tainted": false
                    },
                    "deposed": [],
                    "provider": "provider.ucs"
                },
                "ucs_uuid_pool_block.test_uuid_pool_block": {
                    "type": "ucs_uuid_pool_block",
                    "depends_on": [
                        "ucs_uuid_pool.test_uuid_pool"
                    ],
                    "primary": {
                        "id": "org-root/uuid-pool-tf_test_uuid/block-from-0000-000000000001-to-0000-000000000003",
                        "attributes": {
                            "child_action": "",
                            "description": "",
                            "id": "org-root/uuid-pool-tf_test_uuid/block-from-0000-000000000001-to-0000-000000000003",
                            "r_from": "0000-000000000001",
                            "sacl": "",
                            "to": "0000-000000000003",
                            "uuidpool_pool_dn": "org-root/uuid-pool-tf_test_uuid"
                        },
                        "meta": {
                            "schema_version": "1"
                        },
                        "tainted": false
                    },
                    "deposed": [],
                    "provider": "provider.ucs"
                }
            },
            "depends_on": []
        }
    ]
}
