{
    "version": 3,
    "terraform_version": "0.11.11",
    "serial": 2,
    "lineage": "3538624d-66f1-fe70-d2be-28ea0524a10e",
    "modules": [
        {
            "path": [
                "root"
            ],
            "outputs": {},
            "resources": {
                "ucs_org.test_org": {
                    "type": "ucs_org",
                    "depends_on": [],
                    "primary": {
                        "id": "org-root/org-tf_org",
                        "attributes": {
                            "child_action": "",
                            "description": "",
                            "flt_aggr": "0",
                            "id": "org-root/org-tf_org",
                            "level": "1",
                            "name": "tf_org",
                            "org_org_dn": "org-root",
                            "perm_access": "yes",
                            "sacl": ""
                        },
                        "meta": {
                            "schema_version": "1"
                        },
                        "tainted": false
                    },
                    "deposed": [],
                    "provider": "provider.ucs"
                }
            },
            "depends_on": []
        }
    ]
}
