{
    "version": 3,
    "terraform_version": "0.11.11",
    "serial": 5,
    "lineage": "a6246c03-6d8d-8da5-41c3-5a395644c79b",
    "modules": [
        {
            "path": [
                "root"
            ],
            "outputs": {},
            "resources": {
                "ucs_vnic_ether.vnic_ether": {
                    "type": "ucs_vnic_ether",
                    "depends_on": [
                        "ucs_vnic_lan_conn_policy.vnic_lan_policy"
                    ],
                    "primary": {
                        "id": "org-root/lan-conn-pol-test_vlan_policy/ether-test_vnic_ether",
                        "attributes": {
                            "adaptor_profile_name": "",
                            "addr": "derived",
                            "admin_cdn_name": "",
                            "admin_host_port": "ANY",
                            "admin_vcon": "any",
                            "boot_dev": "disabled",
                            "cdn_prop_in_sync": "yes",
                            "cdn_source": "vnic-name",
                            "child_action": "",
                            "config_qualifier": "",
                            "config_state": "not-applied",
                            "description": "",
                            "dynamic_id": "0",
                            "equipment_dn": "",
                            "flt_aggr": "0",
                            "id": "org-root/lan-conn-pol-test_vlan_policy/ether-test_vnic_ether",
                            "ident_pool_name": "",
                            "inst_type": "manual",
                            "mtu": "1500",
                            "name": "test_vnic_ether",
                            "nw_ctrl_policy_name": "",
                            "nw_templ_name": "",
                            "oper_adaptor_profile_name": "org-root/eth-profile-default",
                            "oper_cdn_name": "",
                            "oper_host_port": "NONE",
                            "oper_ident_pool_name": "",
                            "oper_nw_ctrl_policy_name": "org-root/nwctrl-default",
                            "oper_nw_templ_name": "",
                            "oper_order": "unspecified",
                            "oper_pin_to_group_name": "",
                            "oper_qos_policy_name": "",
                            "oper_speed": "line-rate",
                            "oper_stats_policy_name": "org-root/thr-policy-default",
                            "oper_vcon": "any",
                            "order": "unspecified",
                            "owner": "logical",
                            "pf_dn": "",
                            "pin_to_group_name": "",
                            "prop_acl": "0",
                            "purpose": "general",
                            "qos_policy_name": "",
                            "redundancy_pair_type": "none",
                            "redundancy_peer": "",
                            "sacl": "",
                            "stats_policy_name": "default",
                            "switch_id": "A",
                            "type": "ether",
                            "virtualization_preference": "NONE",
                            "vnic_lan_conn_policy_dn": "org-root/lan-conn-pol-test_vlan_policy"
                        },
                        "meta": {
                            "schema_version": "1"
                        },
                        "tainted": false
                    },
                    "deposed": [],
                    "provider": "provider.ucs"
                },
                "ucs_vnic_iscsi_lcp.vnic_iscsi_lcp": {
                    "type": "ucs_vnic_iscsi_lcp",
                    "depends_on": [
                        "ucs_vnic_lan_conn_policy.vnic_lan_policy"
                    ],
                    "primary": {
                        "id": "org-root/lan-conn-pol-test_vlan_policy/iscsi-test_vnic_lcp",
                        "attributes": {
                            "adaptor_profile_name": "",
                            "addr": "derived",
                            "admin_cdn_name": "",
                            "admin_host_port": "ANY",
                            "admin_vcon": "any",
                            "boot_dev": "disabled",
                            "cdn_prop_in_sync": "yes",
                            "cdn_source": "vnic-name",
                            "child_action": "",
                            "config_qualifier": "",
                            "config_state": "not-applied",
                            "description": "",
                            "equipment_dn": "",
                            "flt_aggr": "0",
                            "id": "org-root/lan-conn-pol-test_vlan_policy/iscsi-test_vnic_lcp",
                            "ident_pool_name": "",
                            "inst_type": "manual",
                            "name": "test_vnic_lcp",
                            "nw_templ_name": "",
                            "oper_adaptor_profile_name": "org-root/iscsi-profile-default",
                            "oper_cdn_name": "",
                            "oper_host_port": "NONE",
                            "oper_ident_pool_name": "",
                            "oper_order": "unspecified",
                            "oper_speed": "line-rate",
                            "oper_stats_policy_name": "org-root/thr-policy-default",
                            "oper_vcon": "any",
                            "order": "unspecified",
                            "owner": "logical",
                            "pin_to_group_name": "",
                            "qos_policy_name": "",
                            "redundancy_pair_type": "none",
                            "redundancy_peer": "",
                            "sacl": "",
                            "stats_policy_name": "default",
                            "switch_id": "A",
                            "type": "unknown",
                            "vnic_lan_conn_policy_dn": "org-root/lan-conn-pol-test_vlan_policy",
                            "vnic_name": ""
                        },
                        "meta": {
                            "schema_version": "1"
                        },
                        "tainted": false
                    },
                    "deposed": [],
                    "provider": "provider.ucs"
                },
                "ucs_vnic_lan_conn_policy.vnic_lan_policy": {
                    "type": "ucs_vnic_lan_conn_policy",
                    "depends_on": [],
                    "primary": {
                        "id": "org-root/lan-conn-pol-test_vlan_policy",
                        "attributes": {
                            "child_action": "",
                            "description": "",
                            "flt_aggr": "0",
                            "id": "org-root/lan-conn-pol-test_vlan_policy",
                            "int_id": "811469",
                            "name": "test_vlan_policy",
                            "org_org_dn": "org-root",
                            "policy_level": "0",
                            "policy_owner": "local",
                            "sacl": ""
                        },
                        "meta": {
                            "schema_version": "1"
                        },
                        "tainted": false
                    },
                    "deposed": [],
                    "provider": "provider.ucs"
                },
                "ucs_vnic_vlan.vnic_vlan": {
                    "type": "ucs_vnic_vlan",
                    "depends_on": [
                        "ucs_vnic_iscsi_lcp.vnic_iscsi_lcp"
                    ],
                    "primary": {
                        "id": "org-root/lan-conn-pol-test_vlan_policy/iscsi-test_vnic_lcp/vlan",
                        "attributes": {
                            "child_action": "",
                            "config_qualifier": "",
                            "description": "",
                            "flt_aggr": "0",
                            "id": "org-root/lan-conn-pol-test_vlan_policy/iscsi-test_vnic_lcp/vlan",
                            "name": "",
                            "oper_primary_vnet_dn": "",
                            "oper_primary_vnet_name": "",
                            "oper_state": "indeterminate",
                            "oper_vnet_dn": "",
                            "oper_vnet_name": "",
                            "owner": "logical",
                            "pub_nw_id": "0",
                            "sacl": "",
                            "sharing": "primary",
                            "switch_id": "A",
                            "type": "unknown",
                            "vlan_name": "default",
                            "vnet": "1",
                            "vnic_i_scsi_lcp_dn": "org-root/lan-conn-pol-test_vlan_policy/iscsi-test_vnic_lcp"
                        },
                        "meta": {
                            "schema_version": "1"
                        },
                        "tainted": false
                    },
                    "deposed": [],
                    "provider": "provider.ucs"
                }
            },
            "depends_on": []
        }
    ]
}
