{
    "version": 3,
    "terraform_version": "0.11.11",
    "serial": 3,
    "lineage": "9675711d-dfd4-3db1-99b8-7df43cf7d3ba",
    "modules": [
        {
            "path": [
                "root"
            ],
            "outputs": {},
            "resources": {
                "ucs_fabric_vlan.test_vlan": {
                    "type": "ucs_fabric_vlan",
                    "depends_on": [],
                    "primary": {
                        "id": "fabric/lan/net-tf_vlan",
                        "attributes": {
                            "assoc_primary_vlan_state": "ok",
                            "assoc_primary_vlan_switch_id": "NONE",
                            "child_action": "",
                            "cloud": "ethlan",
                            "compression_type": "included",
                            "config_issues": "",
                            "config_overlap": "",
                            "default_net": "yes",
                            "description": "",
                            "ep_dn": "",
                            "fabric_vlan_id": "1",
                            "flt_aggr": "0",
                            "id": "fabric/lan/net-tf_vlan",
                            "if_role": "network",
                            "if_type": "virtual",
                            "local": "0",
                            "locale": "external",
                            "mcast_policy_name": "",
                            "name": "tf_vlan",
                            "oper_mcast_policy_name": "org-root/mc-policy-default",
                            "oper_state": "ok",
                            "overlap_state_for_a": "active",
                            "overlap_state_for_b": "active",
                            "peer_dn": "",
                            "policy_owner": "local",
                            "pub_nw_dn": "",
                            "pub_nw_id": "1",
                            "pub_nw_name": "",
                            "r_global": "0",
                            "sacl": "",
                            "sharing": "none",
                            "switch_id": "dual",
                            "transport": "ether",
                            "type": "lan"
                        },
                        "meta": {
                            "schema_version": "1"
                        },
                        "tainted": false
                    },
                    "deposed": [],
                    "provider": "provider.ucs"
                }
            },
            "depends_on": []
        }
    ]
}
