{
    "version": 3,
    "terraform_version": "0.11.11",
    "serial": 2,
    "lineage": "c7b51748-f543-b342-a99b-3bfa677ccad4",
    "modules": [
        {
            "path": [
                "root"
            ],
            "outputs": {},
            "resources": {
                "ucs_san_conn_template.test_san_template": {
                    "type": "ucs_san_conn_template",
                    "depends_on": [],
                    "primary": {
                        "id": "org-root/san-conn-templ-tf_test_templ",
                        "attributes": {
                            "child_action": "",
                            "description": "",
                            "id": "org-root/san-conn-templ-tf_test_templ",
                            "ident_pool_name": "",
                            "int_id": "1242780",
                            "max_data_field_size": "2048",
                            "name": "tf_test_templ",
                            "nw_ctrl_policy_name": "",
                            "oper_ident_pool_name": "",
                            "oper_peer_redundancy_templ_name": "",
                            "oper_qos_policy_name": "",
                            "oper_stats_policy_name": "org-root/thr-policy-default",
                            "org_org_dn": "org-root",
                            "peer_redundancy_templ_name": "",
                            "pin_to_group_name": "",
                            "policy_level": "0",
                            "policy_owner": "local",
                            "qos_policy_name": "",
                            "redundancy_pair_type": "none",
                            "sacl": "",
                            "stats_policy_name": "default",
                            "switch_id": "A",
                            "target": "adaptor",
                            "templ_type": "initial-template"
                        },
                        "meta": {
                            "schema_version": "1"
                        },
                        "tainted": false
                    },
                    "deposed": [],
                    "provider": "provider.ucs"
                }
            },
            "depends_on": []
        }
    ]
}
